// !$*UTF8*$!
{
	archiveVersion = 1;
	classes = {
	};
	objectVersion = 55;
	objects = {

/* Begin PBXBuildFile section */
		3D6D96FC2765E35600377054 /* ListModel.swift in Sources */ = {isa = PBXBuildFile; fileRef = 3D6D96FB2765E35600377054 /* ListModel.swift */; };
		3D6D96FE2765E3A200377054 /* ListViewModel.swift in Sources */ = {isa = PBXBuildFile; fileRef = 3D6D96FD2765E3A200377054 /* ListViewModel.swift */; };
		3D6D97002765E62900377054 /* AddListView.swift in Sources */ = {isa = PBXBuildFile; fileRef = 3D6D96FF2765E62900377054 /* AddListView.swift */; };
		3D7BFA93276651750034D308 /* ItemView.swift in Sources */ = {isa = PBXBuildFile; fileRef = 3D7BFA92276651750034D308 /* ItemView.swift */; };
		3D7BFA95276651AD0034D308 /* ItemModel.swift in Sources */ = {isa = PBXBuildFile; fileRef = 3D7BFA94276651AD0034D308 /* ItemModel.swift */; };
		3D7BFA97276653040034D308 /* ItemViewModel.swift in Sources */ = {isa = PBXBuildFile; fileRef = 3D7BFA96276653040034D308 /* ItemViewModel.swift */; };
		3D7BFA992766566A0034D308 /* NoItemView.swift in Sources */ = {isa = PBXBuildFile; fileRef = 3D7BFA982766566A0034D308 /* NoItemView.swift */; };
		3D7BFA9B276657110034D308 /* AddItemView.swift in Sources */ = {isa = PBXBuildFile; fileRef = 3D7BFA9A276657110034D308 /* AddItemView.swift */; };
		3D7BFA9D27665EA80034D308 /* FetchItemsModel.swift in Sources */ = {isa = PBXBuildFile; fileRef = 3D7BFA9C27665EA80034D308 /* FetchItemsModel.swift */; };
		3D90B020276291D300ACA94C /* todosApp.swift in Sources */ = {isa = PBXBuildFile; fileRef = 3D90B01F276291D300ACA94C /* todosApp.swift */; };
		3D90B024276291D300ACA94C /* Assets.xcassets in Resources */ = {isa = PBXBuildFile; fileRef = 3D90B023276291D300ACA94C /* Assets.xcassets */; };
		3D90B027276291D300ACA94C /* Preview Assets.xcassets in Resources */ = {isa = PBXBuildFile; fileRef = 3D90B026276291D300ACA94C /* Preview Assets.xcassets */; };
		3D90B02E276295E300ACA94C /* ListView.swift in Sources */ = {isa = PBXBuildFile; fileRef = 3D90B02D276295E300ACA94C /* ListView.swift */; };
		3DD1A4622765F4CE001E49C9 /* NoListsView.swift in Sources */ = {isa = PBXBuildFile; fileRef = 3DD1A4612765F4CE001E49C9 /* NoListsView.swift */; };
		3DD1A4642765FE67001E49C9 /* PlusView.swift in Sources */ = {isa = PBXBuildFile; fileRef = 3DD1A4632765FE67001E49C9 /* PlusView.swift */; };
/* End PBXBuildFile section */

/* Begin PBXFileReference section */
		3D6D96FB2765E35600377054 /* ListModel.swift */ = {isa = PBXFileReference; lastKnownFileType = sourcecode.swift; path = ListModel.swift; sourceTree = "<group>"; };
		3D6D96FD2765E3A200377054 /* ListViewModel.swift */ = {isa = PBXFileReference; lastKnownFileType = sourcecode.swift; path = ListViewModel.swift; sourceTree = "<group>"; };
		3D6D96FF2765E62900377054 /* AddListView.swift */ = {isa = PBXFileReference; lastKnownFileType = sourcecode.swift; path = AddListView.swift; sourceTree = "<group>"; };
		3D7BFA92276651750034D308 /* ItemView.swift */ = {isa = PBXFileReference; lastKnownFileType = sourcecode.swift; path = ItemView.swift; sourceTree = "<group>"; };
		3D7BFA94276651AD0034D308 /* ItemModel.swift */ = {isa = PBXFileReference; lastKnownFileType = sourcecode.swift; path = ItemModel.swift; sourceTree = "<group>"; };
		3D7BFA96276653040034D308 /* ItemViewModel.swift */ = {isa = PBXFileReference; lastKnownFileType = sourcecode.swift; path = ItemViewModel.swift; sourceTree = "<group>"; };
		3D7BFA982766566A0034D308 /* NoItemView.swift */ = {isa = PBXFileReference; lastKnownFileType = sourcecode.swift; path = NoItemView.swift; sourceTree = "<group>"; };
		3D7BFA9A276657110034D308 /* AddItemView.swift */ = {isa = PBXFileReference; lastKnownFileType = sourcecode.swift; path = AddItemView.swift; sourceTree = "<group>"; };
		3D7BFA9C27665EA80034D308 /* FetchItemsModel.swift */ = {isa = PBXFileReference; lastKnownFileType = sourcecode.swift; path = FetchItemsModel.swift; sourceTree = "<group>"; };
		3D90B01C276291D300ACA94C /* todos.app */ = {isa = PBXFileReference; explicitFileType = wrapper.application; includeInIndex = 0; path = todos.app; sourceTree = BUILT_PRODUCTS_DIR; };
		3D90B01F276291D300ACA94C /* todosApp.swift */ = {isa = PBXFileReference; lastKnownFileType = sourcecode.swift; path = todosApp.swift; sourceTree = "<group>"; };
		3D90B023276291D300ACA94C /* Assets.xcassets */ = {isa = PBXFileReference; lastKnownFileType = folder.assetcatalog; path = Assets.xcassets; sourceTree = "<group>"; };
		3D90B026276291D300ACA94C /* Preview Assets.xcassets */ = {isa = PBXFileReference; lastKnownFileType = folder.assetcatalog; path = "Preview Assets.xcassets"; sourceTree = "<group>"; };
		3D90B02D276295E300ACA94C /* ListView.swift */ = {isa = PBXFileReference; lastKnownFileType = sourcecode.swift; path = ListView.swift; sourceTree = "<group>"; };
		3DD1A4612765F4CE001E49C9 /* NoListsView.swift */ = {isa = PBXFileReference; lastKnownFileType = sourcecode.swift; path = NoListsView.swift; sourceTree = "<group>"; };
		3DD1A4632765FE67001E49C9 /* PlusView.swift */ = {isa = PBXFileReference; lastKnownFileType = sourcecode.swift; path = PlusView.swift; sourceTree = "<group>"; };
/* End PBXFileReference section */

/* Begin PBXFrameworksBuildPhase section */
		3D90B019276291D300ACA94C /* Frameworks */ = {
			isa = PBXFrameworksBuildPhase;
			buildActionMask = 2147483647;
			files = (
			);
			runOnlyForDeploymentPostprocessing = 0;
		};
/* End PBXFrameworksBuildPhase section */

/* Begin PBXGroup section */
		3D6D96F52765D6F200377054 /* Views */ = {
			isa = PBXGroup;
			children = (
				3D90B02D276295E300ACA94C /* ListView.swift */,
				3D6D96FF2765E62900377054 /* AddListView.swift */,
				3DD1A4612765F4CE001E49C9 /* NoListsView.swift */,
				3DD1A4632765FE67001E49C9 /* PlusView.swift */,
				3D7BFA92276651750034D308 /* ItemView.swift */,
				3D7BFA982766566A0034D308 /* NoItemView.swift */,
				3D7BFA9A276657110034D308 /* AddItemView.swift */,
			);
			path = Views;
			sourceTree = "<group>";
		};
		3D6D96F62765D70400377054 /* Models */ = {
			isa = PBXGroup;
			children = (
				3D6D96FB2765E35600377054 /* ListModel.swift */,
				3D7BFA94276651AD0034D308 /* ItemModel.swift */,
				3D7BFA9C27665EA80034D308 /* FetchItemsModel.swift */,
			);
			path = Models;
			sourceTree = "<group>";
		};
		3D6D96F72765D70900377054 /* ViewModels */ = {
			isa = PBXGroup;
			children = (
				3D6D96FD2765E3A200377054 /* ListViewModel.swift */,
				3D7BFA96276653040034D308 /* ItemViewModel.swift */,
			);
			path = ViewModels;
			sourceTree = "<group>";
		};
		3D90B013276291D300ACA94C = {
			isa = PBXGroup;
			children = (
				3D90B01E276291D300ACA94C /* todos */,
				3D90B01D276291D300ACA94C /* Products */,
			);
			sourceTree = "<group>";
		};
		3D90B01D276291D300ACA94C /* Products */ = {
			isa = PBXGroup;
			children = (
				3D90B01C276291D300ACA94C /* todos.app */,
			);
			name = Products;
			sourceTree = "<group>";
		};
		3D90B01E276291D300ACA94C /* todos */ = {
			isa = PBXGroup;
			children = (
				3D90B01F276291D300ACA94C /* todosApp.swift */,
				3D6D96F72765D70900377054 /* ViewModels */,
				3D6D96F62765D70400377054 /* Models */,
				3D6D96F52765D6F200377054 /* Views */,
				3D90B023276291D300ACA94C /* Assets.xcassets */,
				3D90B025276291D300ACA94C /* Preview Content */,
			);
			path = todos;
			sourceTree = "<group>";
		};
		3D90B025276291D300ACA94C /* Preview Content */ = {
			isa = PBXGroup;
			children = (
				3D90B026276291D300ACA94C /* Preview Assets.xcassets */,
			);
			path = "Preview Content";
			sourceTree = "<group>";
		};
/* End PBXGroup section */

/* Begin PBXNativeTarget section */
		3D90B01B276291D300ACA94C /* todos */ = {
			isa = PBXNativeTarget;
			buildConfigurationList = 3D90B02A276291D300ACA94C /* Build configuration list for PBXNativeTarget "todos" */;
			buildPhases = (
				3D90B018276291D300ACA94C /* Sources */,
				3D90B019276291D300ACA94C /* Frameworks */,
				3D90B01A276291D300ACA94C /* Resources */,
			);
			buildRules = (
			);
			dependencies = (
			);
			name = todos;
			productName = todos;
			productReference = 3D90B01C276291D300ACA94C /* todos.app */;
			productType = "com.apple.product-type.application";
		};
/* End PBXNativeTarget section */

/* Begin PBXProject section */
		3D90B014276291D300ACA94C /* Project object */ = {
			isa = PBXProject;
			attributes = {
				BuildIndependentTargetsInParallel = 1;
				LastSwiftUpdateCheck = 1310;
				LastUpgradeCheck = 1310;
				TargetAttributes = {
					3D90B01B276291D300ACA94C = {
						CreatedOnToolsVersion = 13.1;
					};
				};
			};
			buildConfigurationList = 3D90B017276291D300ACA94C /* Build configuration list for PBXProject "todos" */;
			compatibilityVersion = "Xcode 13.0";
			developmentRegion = en;
			hasScannedForEncodings = 0;
			knownRegions = (
				en,
				Base,
			);
			mainGroup = 3D90B013276291D300ACA94C;
			productRefGroup = 3D90B01D276291D300ACA94C /* Products */;
			projectDirPath = "";
			projectRoot = "";
			targets = (
				3D90B01B276291D300ACA94C /* todos */,
			);
		};
/* End PBXProject section */

/* Begin PBXResourcesBuildPhase section */
		3D90B01A276291D300ACA94C /* Resources */ = {
			isa = PBXResourcesBuildPhase;
			buildActionMask = 2147483647;
			files = (
				3D90B027276291D300ACA94C /* Preview Assets.xcassets in Resources */,
				3D90B024276291D300ACA94C /* Assets.xcassets in Resources */,
			);
			runOnlyForDeploymentPostprocessing = 0;
		};
/* End PBXResourcesBuildPhase section */

/* Begin PBXSourcesBuildPhase section */
		3D90B018276291D300ACA94C /* Sources */ = {
			isa = PBXSourcesBuildPhase;
			buildActionMask = 2147483647;
			files = (
				3D6D96FC2765E35600377054 /* ListModel.swift in Sources */,
				3D7BFA9D27665EA80034D308 /* FetchItemsModel.swift in Sources */,
				3D90B02E276295E300ACA94C /* ListView.swift in Sources */,
				3D6D96FE2765E3A200377054 /* ListViewModel.swift in Sources */,
				3D7BFA97276653040034D308 /* ItemViewModel.swift in Sources */,
				3D7BFA95276651AD0034D308 /* ItemModel.swift in Sources */,
				3D7BFA93276651750034D308 /* ItemView.swift in Sources */,
				3D90B020276291D300ACA94C /* todosApp.swift in Sources */,
				3D7BFA9B276657110034D308 /* AddItemView.swift in Sources */,
				3DD1A4642765FE67001E49C9 /* PlusView.swift in Sources */,
				3D7BFA992766566A0034D308 /* NoItemView.swift in Sources */,
				3D6D97002765E62900377054 /* AddListView.swift in Sources */,
				3DD1A4622765F4CE001E49C9 /* NoListsView.swift in Sources */,
			);
			runOnlyForDeploymentPostprocessing = 0;
		};
/* End PBXSourcesBuildPhase section */

/* Begin XCBuildConfiguration section */
		3D90B028276291D300ACA94C /* Debug */ = {
			isa = XCBuildConfiguration;
			buildSettings = {
				ALWAYS_SEARCH_USER_PATHS = NO;
				CLANG_ANALYZER_NONNULL = YES;
				CLANG_ANALYZER_NUMBER_OBJECT_CONVERSION = YES_AGGRESSIVE;
				CLANG_CXX_LANGUAGE_STANDARD = "gnu++17";
				CLANG_CXX_LIBRARY = "libc++";
				CLANG_ENABLE_MODULES = YES;
				CLANG_ENABLE_OBJC_ARC = YES;
				CLANG_ENABLE_OBJC_WEAK = YES;
				CLANG_WARN_BLOCK_CAPTURE_AUTORELEASING = YES;
				CLANG_WARN_BOOL_CONVERSION = YES;
				CLANG_WARN_COMMA = YES;
				CLANG_WARN_CONSTANT_CONVERSION = YES;
				CLANG_WARN_DEPRECATED_OBJC_IMPLEMENTATIONS = YES;
				CLANG_WARN_DIRECT_OBJC_ISA_USAGE = YES_ERROR;
				CLANG_WARN_DOCUMENTATION_COMMENTS = YES;
				CLANG_WARN_EMPTY_BODY = YES;
				CLANG_WARN_ENUM_CONVERSION = YES;
				CLANG_WARN_INFINITE_RECURSION = YES;
				CLANG_WARN_INT_CONVERSION = YES;
				CLANG_WARN_NON_LITERAL_NULL_CONVERSION = YES;
				CLANG_WARN_OBJC_IMPLICIT_RETAIN_SELF = YES;
				CLANG_WARN_OBJC_LITERAL_CONVERSION = YES;
				CLANG_WARN_OBJC_ROOT_CLASS = YES_ERROR;
				CLANG_WARN_QUOTED_INCLUDE_IN_FRAMEWORK_HEADER = YES;
				CLANG_WARN_RANGE_LOOP_ANALYSIS = YES;
				CLANG_WARN_STRICT_PROTOTYPES = YES;
				CLANG_WARN_SUSPICIOUS_MOVE = YES;
				CLANG_WARN_UNGUARDED_AVAILABILITY = YES_AGGRESSIVE;
				CLANG_WARN_UNREACHABLE_CODE = YES;
				CLANG_WARN__DUPLICATE_METHOD_MATCH = YES;
				COPY_PHASE_STRIP = NO;
				DEBUG_INFORMATION_FORMAT = dwarf;
				ENABLE_STRICT_OBJC_MSGSEND = YES;
				ENABLE_TESTABILITY = YES;
				GCC_C_LANGUAGE_STANDARD = gnu11;
				GCC_DYNAMIC_NO_PIC = NO;
				GCC_NO_COMMON_BLOCKS = YES;
				GCC_OPTIMIZATION_LEVEL = 0;
				GCC_PREPROCESSOR_DEFINITIONS = (
					"DEBUG=1",
					"$(inherited)",
				);
				GCC_WARN_64_TO_32_BIT_CONVERSION = YES;
				GCC_WARN_ABOUT_RETURN_TYPE = YES_ERROR;
				GCC_WARN_UNDECLARED_SELECTOR = YES;
				GCC_WARN_UNINITIALIZED_AUTOS = YES_AGGRESSIVE;
				GCC_WARN_UNUSED_FUNCTION = YES;
				GCC_WARN_UNUSED_VARIABLE = YES;
				IPHONEOS_DEPLOYMENT_TARGET = 15.0;
				MTL_ENABLE_DEBUG_INFO = INCLUDE_SOURCE;
				MTL_FAST_MATH = YES;
				ONLY_ACTIVE_ARCH = YES;
				SDKROOT = iphoneos;
				SWIFT_ACTIVE_COMPILATION_CONDITIONS = DEBUG;
				SWIFT_OPTIMIZATION_LEVEL = "-Onone";
			};
			name = Debug;
		};
		3D90B029276291D300ACA94C /* Release */ = {
			isa = XCBuildConfiguration;
			buildSettings = {
				ALWAYS_SEARCH_USER_PATHS = NO;
				CLANG_ANALYZER_NONNULL = YES;
				CLANG_ANALYZER_NUMBER_OBJECT_CONVERSION = YES_AGGRESSIVE;
				CLANG_CXX_LANGUAGE_STANDARD = "gnu++17";
				CLANG_CXX_LIBRARY = "libc++";
				CLANG_ENABLE_MODULES = YES;
				CLANG_ENABLE_OBJC_ARC = YES;
				CLANG_ENABLE_OBJC_WEAK = YES;
				CLANG_WARN_BLOCK_CAPTURE_AUTORELEASING = YES;
				CLANG_WARN_BOOL_CONVERSION = YES;
				CLANG_WARN_COMMA = YES;
				CLANG_WARN_CONSTANT_CONVERSION = YES;
				CLANG_WARN_DEPRECATED_OBJC_IMPLEMENTATIONS = YES;
				CLANG_WARN_DIRECT_OBJC_ISA_USAGE = YES_ERROR;
				CLANG_WARN_DOCUMENTATION_COMMENTS = YES;
				CLANG_WARN_EMPTY_BODY = YES;
				CLANG_WARN_ENUM_CONVERSION = YES;
				CLANG_WARN_INFINITE_RECURSION = YES;
				CLANG_WARN_INT_CONVERSION = YES;
				CLANG_WARN_NON_LITERAL_NULL_CONVERSION = YES;
				CLANG_WARN_OBJC_IMPLICIT_RETAIN_SELF = YES;
				CLANG_WARN_OBJC_LITERAL_CONVERSION = YES;
				CLANG_WARN_OBJC_ROOT_CLASS = YES_ERROR;
				CLANG_WARN_QUOTED_INCLUDE_IN_FRAMEWORK_HEADER = YES;
				CLANG_WARN_RANGE_LOOP_ANALYSIS = YES;
				CLANG_WARN_STRICT_PROTOTYPES = YES;
				CLANG_WARN_SUSPICIOUS_MOVE = YES;
				CLANG_WARN_UNGUARDED_AVAILABILITY = YES_AGGRESSIVE;
				CLANG_WARN_UNREACHABLE_CODE = YES;
				CLANG_WARN__DUPLICATE_METHOD_MATCH = YES;
				COPY_PHASE_STRIP = NO;
				DEBUG_INFORMATION_FORMAT = "dwarf-with-dsym";
				ENABLE_NS_ASSERTIONS = NO;
				ENABLE_STRICT_OBJC_MSGSEND = YES;
				GCC_C_LANGUAGE_STANDARD = gnu11;
				GCC_NO_COMMON_BLOCKS = YES;
				GCC_WARN_64_TO_32_BIT_CONVERSION = YES;
				GCC_WARN_ABOUT_RETURN_TYPE = YES_ERROR;
				GCC_WARN_UNDECLARED_SELECTOR = YES;
				GCC_WARN_UNINITIALIZED_AUTOS = YES_AGGRESSIVE;
				GCC_WARN_UNUSED_FUNCTION = YES;
				GCC_WARN_UNUSED_VARIABLE = YES;
				IPHONEOS_DEPLOYMENT_TARGET = 15.0;
				MTL_ENABLE_DEBUG_INFO = NO;
				MTL_FAST_MATH = YES;
				SDKROOT = iphoneos;
				SWIFT_COMPILATION_MODE = wholemodule;
				SWIFT_OPTIMIZATION_LEVEL = "-O";
				VALIDATE_PRODUCT = YES;
			};
			name = Release;
		};
		3D90B02B276291D300ACA94C /* Debug */ = {
			isa = XCBuildConfiguration;
			buildSettings = {
				ASSETCATALOG_COMPILER_APPICON_NAME = AppIcon;
				ASSETCATALOG_COMPILER_GLOBAL_ACCENT_COLOR_NAME = AccentColor;
				CODE_SIGN_STYLE = Automatic;
				CURRENT_PROJECT_VERSION = 1;
				DEVELOPMENT_ASSET_PATHS = "\"todos/Preview Content\"";
				DEVELOPMENT_TEAM = 5CYVKDSSNH;
				ENABLE_PREVIEWS = YES;
				GENERATE_INFOPLIST_FILE = YES;
				INFOPLIST_KEY_UIApplicationSceneManifest_Generation = YES;
				INFOPLIST_KEY_UIApplicationSupportsIndirectInputEvents = YES;
				INFOPLIST_KEY_UILaunchScreen_Generation = YES;
				INFOPLIST_KEY_UISupportedInterfaceOrientations_iPad = "UIInterfaceOrientationPortrait UIInterfaceOrientationPortraitUpsideDown UIInterfaceOrientationLandscapeLeft UIInterfaceOrientationLandscapeRight";
				INFOPLIST_KEY_UISupportedInterfaceOrientations_iPhone = "UIInterfaceOrientationPortrait UIInterfaceOrientationLandscapeLeft UIInterfaceOrientationLandscapeRight";
				LD_RUNPATH_SEARCH_PATHS = (
					"$(inherited)",
					"@executable_path/Frameworks",
				);
				MARKETING_VERSION = 1.0;
				PRODUCT_BUNDLE_IDENTIFIER = com.fatih.todos;
				PRODUCT_NAME = "$(TARGET_NAME)";
				SWIFT_EMIT_LOC_STRINGS = YES;
				SWIFT_VERSION = 5.0;
				TARGETED_DEVICE_FAMILY = "1,2";
			};
			name = Debug;
		};
		3D90B02C276291D300ACA94C /* Release */ = {
			isa = XCBuildConfiguration;
			buildSettings = {
				ASSETCATALOG_COMPILER_APPICON_NAME = AppIcon;
				ASSETCATALOG_COMPILER_GLOBAL_ACCENT_COLOR_NAME = AccentColor;
				CODE_SIGN_STYLE = Automatic;
				CURRENT_PROJECT_VERSION = 1;
				DEVELOPMENT_ASSET_PATHS = "\"todos/Preview Content\"";
				DEVELOPMENT_TEAM = 5CYVKDSSNH;
				ENABLE_PREVIEWS = YES;
				GENERATE_INFOPLIST_FILE = YES;
				INFOPLIST_KEY_UIApplicationSceneManifest_Generation = YES;
				INFOPLIST_KEY_UIApplicationSupportsIndirectInputEvents = YES;
				INFOPLIST_KEY_UILaunchScreen_Generation = YES;
				INFOPLIST_KEY_UISupportedInterfaceOrientations_iPad = "UIInterfaceOrientationPortrait UIInterfaceOrientationPortraitUpsideDown UIInterfaceOrientationLandscapeLeft UIInterfaceOrientationLandscapeRight";
				INFOPLIST_KEY_UISupportedInterfaceOrientations_iPhone = "UIInterfaceOrientationPortrait UIInterfaceOrientationLandscapeLeft UIInterfaceOrientationLandscapeRight";
				LD_RUNPATH_SEARCH_PATHS = (
					"$(inherited)",
					"@executable_path/Frameworks",
				);
				MARKETING_VERSION = 1.0;
				PRODUCT_BUNDLE_IDENTIFIER = com.fatih.todos;
				PRODUCT_NAME = "$(TARGET_NAME)";
				SWIFT_EMIT_LOC_STRINGS = YES;
				SWIFT_VERSION = 5.0;
				TARGETED_DEVICE_FAMILY = "1,2";
			};
			name = Release;
		};
/* End XCBuildConfiguration section */

/* Begin XCConfigurationList section */
		3D90B017276291D300ACA94C /* Build configuration list for PBXProject "todos" */ = {
			isa = XCConfigurationList;
			buildConfigurations = (
				3D90B028276291D300ACA94C /* Debug */,
				3D90B029276291D300ACA94C /* Release */,
			);
			defaultConfigurationIsVisible = 0;
			defaultConfigurationName = Release;
		};
		3D90B02A276291D300ACA94C /* Build configuration list for PBXNativeTarget "todos" */ = {
			isa = XCConfigurationList;
			buildConfigurations = (
				3D90B02B276291D300ACA94C /* Debug */,
				3D90B02C276291D300ACA94C /* Release */,
			);
			defaultConfigurationIsVisible = 0;
			defaultConfigurationName = Release;
		};
/* End XCConfigurationList section */
	};
	rootObject = 3D90B014276291D300ACA94C /* Project object */;
}
